// !$*UTF8*$!
{
	archiveVersion = 1;
	classes = {
	};
	objectVersion = 56;
	objects = {

/* Begin PBXBuildFile section */
		5FCE17C42E8AE3B8003AD6E5 /* ToastView.swift in Sources */ = {isa = PBXBuildFile; fileRef = 5FCE17C32E8AE3B8003AD6E5 /* ToastView.swift */; };
		5FCE17C62E8AE69F003AD6E5 /* ModernBottomBarView.swift in Sources */ = {isa = PBXBuildFile; fileRef = 5FCE17C52E8AE69F003AD6E5 /* ModernBottomBarView.swift */; };
		5FCE17C82E8AEA37003AD6E5 /* UltimateModernBarView.swift in Sources */ = {isa = PBXBuildFile; fileRef = 5FCE17C72E8AEA37003AD6E5 /* UltimateModernBarView.swift */; };
		5FCE17CA2E8AECC1003AD6E5 /* PerfectBottomBarView.swift in Sources */ = {isa = PBXBuildFile; fileRef = 5FCE17C92E8AECC1003AD6E5 /* PerfectBottomBarView.swift */; };
		5FCE17CD2E8AF97E003AD6E5 /* IconGenerator.swift in Sources */ = {isa = PBXBuildFile; fileRef = 5FCE17CC2E8AF97E003AD6E5 /* IconGenerator.swift */; };
		5FCE17CE2E8AF97E003AD6E5 /* AppIconCache.swift in Sources */ = {isa = PBXBuildFile; fileRef = 5FCE17CB2E8AF97E003AD6E5 /* AppIconCache.swift */; };
		5FCE17D22E8AFA39003AD6E5 /* HotkeyManager.swift in Sources */ = {isa = PBXBuildFile; fileRef = 5FCE17CF2E8AFA39003AD6E5 /* HotkeyManager.swift */; };
		5FF1B4AD2E8A95BC00D84A65 /* LocalizationManager.swift in Sources */ = {isa = PBXBuildFile; fileRef = 5FF1B4AC2E8A95BC00D84A65 /* LocalizationManager.swift */; };
		5FF1B4B12E8A971500D84A65 /* ModernSettingsView.swift in Sources */ = {isa = PBXBuildFile; fileRef = 5FF1B4B02E8A971500D84A65 /* ModernSettingsView.swift */; };
		5FF1B4BF2E8AA7EE00D84A65 /* ReliableDataManager.swift in Sources */ = {isa = PBXBuildFile; fileRef = 5FF1B4BE2E8AA7EE00D84A65 /* ReliableDataManager.swift */; };
		5FF1B4C42E8AAD2100D84A65 /* WindowSnappingManager.swift in Sources */ = {isa = PBXBuildFile; fileRef = 5FF1B4C32E8AAD2100D84A65 /* WindowSnappingManager.swift */; };
		5FF1B4C52E8AAD2100D84A65 /* DragManager.swift in Sources */ = {isa = PBXBuildFile; fileRef = 5FF1B4C02E8AAD2100D84A65 /* DragManager.swift */; };
		5FF1B4C62E8AAD2100D84A65 /* OCRManager.swift in Sources */ = {isa = PBXBuildFile; fileRef = 5FF1B4C12E8AAD2100D84A65 /* OCRManager.swift */; };
		5FF1B4C72E8AAD2100D84A65 /* SourceDetector.swift in Sources */ = {isa = PBXBuildFile; fileRef = 5FF1B4C22E8AAD2100D84A65 /* SourceDetector.swift */; };
		A1234567890ABCDEF001 /* ShotCastApp.swift in Sources */ = {isa = PBXBuildFile; fileRef = A1234567890ABCDEF002 /* ShotCastApp.swift */; };
		A1234567890ABCDEF003 /* ContentView.swift in Sources */ = {isa = PBXBuildFile; fileRef = A1234567890ABCDEF004 /* ContentView.swift */; };
		A1234567890ABCDEF005 /* Assets.xcassets in Resources */ = {isa = PBXBuildFile; fileRef = A1234567890ABCDEF006 /* Assets.xcassets */; };
		A1234567890ABCDEF007 /* Preview Assets.xcassets in Resources */ = {isa = PBXBuildFile; fileRef = A1234567890ABCDEF008 /* Preview Assets.xcassets */; };
		A1234567890ABCDEF009 /* PasteboardWatcher.swift in Sources */ = {isa = PBXBuildFile; fileRef = A1234567890ABCDEF00A /* PasteboardWatcher.swift */; };
		A1234567890ABCDEF00B /* WindowManager.swift in Sources */ = {isa = PBXBuildFile; fileRef = A1234567890ABCDEF00C /* WindowManager.swift */; };
		A1234567890ABCDEF00D /* BottomBarView.swift in Sources */ = {isa = PBXBuildFile; fileRef = A1234567890ABCDEF00E /* BottomBarView.swift */; };
		A1234567890ABCDEF00F /* ThumbnailCard.swift in Sources */ = {isa = PBXBuildFile; fileRef = A1234567890ABCDEF010 /* ThumbnailCard.swift */; };
		A1234567890ABCDEF011 /* AppSettings.swift in Sources */ = {isa = PBXBuildFile; fileRef = A1234567890ABCDEF012 /* AppSettings.swift */; };
		A1234567890ABCDEF013 /* SettingsView.swift in Sources */ = {isa = PBXBuildFile; fileRef = A1234567890ABCDEF014 /* SettingsView.swift */; };
		A1234567890ABCDEF015 /* SettingsWindowManager.swift in Sources */ = {isa = PBXBuildFile; fileRef = A1234567890ABCDEF016 /* SettingsWindowManager.swift */; };
		A1234567890ABCDEF017 /* ViewExtensions.swift in Sources */ = {isa = PBXBuildFile; fileRef = A1234567890ABCDEF018 /* ViewExtensions.swift */; };
		A1234567890ABCDEF019 /* ClipboardItem.swift in Sources */ = {isa = PBXBuildFile; fileRef = A1234567890ABCDEF01A /* ClipboardItem.swift */; };
/* End PBXBuildFile section */

/* Begin PBXFileReference section */
		5FCE17C32E8AE3B8003AD6E5 /* ToastView.swift */ = {isa = PBXFileReference; lastKnownFileType = sourcecode.swift; path = ToastView.swift; sourceTree = "<group>"; };
		5FCE17C52E8AE69F003AD6E5 /* ModernBottomBarView.swift */ = {isa = PBXFileReference; lastKnownFileType = sourcecode.swift; path = ModernBottomBarView.swift; sourceTree = "<group>"; };
		5FCE17C72E8AEA37003AD6E5 /* UltimateModernBarView.swift */ = {isa = PBXFileReference; lastKnownFileType = sourcecode.swift; path = UltimateModernBarView.swift; sourceTree = "<group>"; };
		5FCE17C92E8AECC1003AD6E5 /* PerfectBottomBarView.swift */ = {isa = PBXFileReference; lastKnownFileType = sourcecode.swift; path = PerfectBottomBarView.swift; sourceTree = "<group>"; };
		5FCE17CB2E8AF97E003AD6E5 /* AppIconCache.swift */ = {isa = PBXFileReference; lastKnownFileType = sourcecode.swift; path = AppIconCache.swift; sourceTree = "<group>"; };
		5FCE17CC2E8AF97E003AD6E5 /* IconGenerator.swift */ = {isa = PBXFileReference; lastKnownFileType = sourcecode.swift; path = IconGenerator.swift; sourceTree = "<group>"; };
		5FCE17CF2E8AFA39003AD6E5 /* HotkeyManager.swift */ = {isa = PBXFileReference; lastKnownFileType = sourcecode.swift; path = HotkeyManager.swift; sourceTree = "<group>"; };
		5FF1B4AC2E8A95BC00D84A65 /* LocalizationManager.swift */ = {isa = PBXFileReference; lastKnownFileType = sourcecode.swift; path = LocalizationManager.swift; sourceTree = "<group>"; };
		5FF1B4B02E8A971500D84A65 /* ModernSettingsView.swift */ = {isa = PBXFileReference; lastKnownFileType = sourcecode.swift; path = ModernSettingsView.swift; sourceTree = "<group>"; };
		5FF1B4BE2E8AA7EE00D84A65 /* ReliableDataManager.swift */ = {isa = PBXFileReference; lastKnownFileType = sourcecode.swift; path = ReliableDataManager.swift; sourceTree = "<group>"; };
		5FF1B4C02E8AAD2100D84A65 /* DragManager.swift */ = {isa = PBXFileReference; lastKnownFileType = sourcecode.swift; path = DragManager.swift; sourceTree = "<group>"; };
		5FF1B4C12E8AAD2100D84A65 /* OCRManager.swift */ = {isa = PBXFileReference; lastKnownFileType = sourcecode.swift; path = OCRManager.swift; sourceTree = "<group>"; };
		5FF1B4C22E8AAD2100D84A65 /* SourceDetector.swift */ = {isa = PBXFileReference; lastKnownFileType = sourcecode.swift; path = SourceDetector.swift; sourceTree = "<group>"; };
		5FF1B4C32E8AAD2100D84A65 /* WindowSnappingManager.swift */ = {isa = PBXFileReference; lastKnownFileType = sourcecode.swift; path = WindowSnappingManager.swift; sourceTree = "<group>"; };
		A1234567890ABCDEF002 /* ShotCastApp.swift */ = {isa = PBXFileReference; lastKnownFileType = sourcecode.swift; path = ShotCastApp.swift; sourceTree = "<group>"; };
		A1234567890ABCDEF004 /* ContentView.swift */ = {isa = PBXFileReference; lastKnownFileType = sourcecode.swift; path = ContentView.swift; sourceTree = "<group>"; };
		A1234567890ABCDEF006 /* Assets.xcassets */ = {isa = PBXFileReference; lastKnownFileType = folder.assetcatalog; path = Assets.xcassets; sourceTree = "<group>"; };
		A1234567890ABCDEF008 /* Preview Assets.xcassets */ = {isa = PBXFileReference; lastKnownFileType = folder.assetcatalog; path = "Preview Assets.xcassets"; sourceTree = "<group>"; };
		A1234567890ABCDEF00A /* PasteboardWatcher.swift */ = {isa = PBXFileReference; lastKnownFileType = sourcecode.swift; path = PasteboardWatcher.swift; sourceTree = "<group>"; };
		A1234567890ABCDEF00C /* WindowManager.swift */ = {isa = PBXFileReference; lastKnownFileType = sourcecode.swift; path = WindowManager.swift; sourceTree = "<group>"; };
		A1234567890ABCDEF00E /* BottomBarView.swift */ = {isa = PBXFileReference; lastKnownFileType = sourcecode.swift; path = BottomBarView.swift; sourceTree = "<group>"; };
		A1234567890ABCDEF010 /* ThumbnailCard.swift */ = {isa = PBXFileReference; lastKnownFileType = sourcecode.swift; path = ThumbnailCard.swift; sourceTree = "<group>"; };
		A1234567890ABCDEF012 /* AppSettings.swift */ = {isa = PBXFileReference; lastKnownFileType = sourcecode.swift; path = AppSettings.swift; sourceTree = "<group>"; };
		A1234567890ABCDEF014 /* SettingsView.swift */ = {isa = PBXFileReference; lastKnownFileType = sourcecode.swift; path = SettingsView.swift; sourceTree = "<group>"; };
		A1234567890ABCDEF016 /* SettingsWindowManager.swift */ = {isa = PBXFileReference; lastKnownFileType = sourcecode.swift; path = SettingsWindowManager.swift; sourceTree = "<group>"; };
		A1234567890ABCDEF018 /* ViewExtensions.swift */ = {isa = PBXFileReference; lastKnownFileType = sourcecode.swift; path = ViewExtensions.swift; sourceTree = "<group>"; };
		A1234567890ABCDEF01A /* ClipboardItem.swift */ = {isa = PBXFileReference; lastKnownFileType = sourcecode.swift; path = ClipboardItem.swift; sourceTree = "<group>"; };
		A1234567890ABCDEF01B /* ShotCast.entitlements */ = {isa = PBXFileReference; lastKnownFileType = text.plist.entitlements; path = ShotCast.entitlements; sourceTree = "<group>"; };
		A1234567890ABCDEF020 /* ShotCast.app */ = {isa = PBXFileReference; explicitFileType = wrapper.application; includeInIndex = 0; path = ShotCast.app; sourceTree = BUILT_PRODUCTS_DIR; };
/* End PBXFileReference section */

/* Begin PBXFrameworksBuildPhase section */
		A1234567890ABCDEF021 /* Frameworks */ = {
			isa = PBXFrameworksBuildPhase;
			buildActionMask = 2147483647;
			files = (
			);
			runOnlyForDeploymentPostprocessing = 0;
		};
/* End PBXFrameworksBuildPhase section */

/* Begin PBXGroup section */
		5FCE17D32E8AFA7B003AD6E5 /* New Group */ = {
			isa = PBXGroup;
			children = (
			);
			path = "New Group";
			sourceTree = "<group>";
		};
		5FF1B4AB2E8A958700D84A65 /* Localization */ = {
			isa = PBXGroup;
			children = (
				5FF1B4AC2E8A95BC00D84A65 /* LocalizationManager.swift */,
			);
			path = Localization;
			sourceTree = "<group>";
		};
		A1234567890ABCDEF022 = {
			isa = PBXGroup;
			children = (
				5FF1B4AB2E8A958700D84A65 /* Localization */,
				A1234567890ABCDEF023 /* ShotCast */,
				A1234567890ABCDEF024 /* Products */,
			);
			sourceTree = "<group>";
		};
		A1234567890ABCDEF023 /* ShotCast */ = {
			isa = PBXGroup;
			children = (
				5FCE17D32E8AFA7B003AD6E5 /* New Group */,
				5FCE17CF2E8AFA39003AD6E5 /* HotkeyManager.swift */,
				A1234567890ABCDEF002 /* ShotCastApp.swift */,
				A1234567890ABCDEF004 /* ContentView.swift */,
				A1234567890ABCDEF025 /* Views */,
				A1234567890ABCDEF026 /* Models */,
				A1234567890ABCDEF027 /* Utils */,
				A1234567890ABCDEF006 /* Assets.xcassets */,
				A1234567890ABCDEF01B /* ShotCast.entitlements */,
				A1234567890ABCDEF028 /* Preview Content */,
			);
			path = ShotCast;
			sourceTree = "<group>";
		};
		A1234567890ABCDEF024 /* Products */ = {
			isa = PBXGroup;
			children = (
				A1234567890ABCDEF020 /* ShotCast.app */,
			);
			name = Products;
			sourceTree = "<group>";
		};
		A1234567890ABCDEF025 /* Views */ = {
			isa = PBXGroup;
			children = (
				5FCE17C92E8AECC1003AD6E5 /* PerfectBottomBarView.swift */,
				5FCE17C72E8AEA37003AD6E5 /* UltimateModernBarView.swift */,
				5FCE17C52E8AE69F003AD6E5 /* ModernBottomBarView.swift */,
				5FCE17C32E8AE3B8003AD6E5 /* ToastView.swift */,
				5FF1B4B02E8A971500D84A65 /* ModernSettingsView.swift */,
				A1234567890ABCDEF00E /* BottomBarView.swift */,
				A1234567890ABCDEF010 /* ThumbnailCard.swift */,
				A1234567890ABCDEF014 /* SettingsView.swift */,
			);
			path = Views;
			sourceTree = "<group>";
		};
		A1234567890ABCDEF026 /* Models */ = {
			isa = PBXGroup;
			children = (
				A1234567890ABCDEF01A /* ClipboardItem.swift */,
				A1234567890ABCDEF012 /* AppSettings.swift */,
				A1234567890ABCDEF00A /* PasteboardWatcher.swift */,
				A1234567890ABCDEF00C /* WindowManager.swift */,
				A1234567890ABCDEF016 /* SettingsWindowManager.swift */,
			);
			path = Models;
			sourceTree = "<group>";
		};
		A1234567890ABCDEF027 /* Utils */ = {
			isa = PBXGroup;
			children = (
				5FCE17CB2E8AF97E003AD6E5 /* AppIconCache.swift */,
				5FCE17CC2E8AF97E003AD6E5 /* IconGenerator.swift */,
				5FF1B4C02E8AAD2100D84A65 /* DragManager.swift */,
				5FF1B4C12E8AAD2100D84A65 /* OCRManager.swift */,
				5FF1B4C22E8AAD2100D84A65 /* SourceDetector.swift */,
				5FF1B4C32E8AAD2100D84A65 /* WindowSnappingManager.swift */,
				5FF1B4BE2E8AA7EE00D84A65 /* ReliableDataManager.swift */,
				A1234567890ABCDEF029 /* Extensions */,
			);
			path = Utils;
			sourceTree = "<group>";
		};
		A1234567890ABCDEF028 /* Preview Content */ = {
			isa = PBXGroup;
			children = (
				A1234567890ABCDEF008 /* Preview Assets.xcassets */,
			);
			path = "Preview Content";
			sourceTree = "<group>";
		};
		A1234567890ABCDEF029 /* Extensions */ = {
			isa = PBXGroup;
			children = (
				A1234567890ABCDEF018 /* ViewExtensions.swift */,
			);
			path = Extensions;
			sourceTree = "<group>";
		};
/* End PBXGroup section */

/* Begin PBXNativeTarget section */
		A1234567890ABCDEF030 /* ShotCast */ = {
			isa = PBXNativeTarget;
			buildConfigurationList = A1234567890ABCDEF031 /* Build configuration list for PBXNativeTarget "ShotCast" */;
			buildPhases = (
				A1234567890ABCDEF032 /* Sources */,
				A1234567890ABCDEF021 /* Frameworks */,
				A1234567890ABCDEF033 /* Resources */,
			);
			buildRules = (
			);
			dependencies = (
			);
			name = ShotCast;
			productName = ShotCast;
			productReference = A1234567890ABCDEF020 /* ShotCast.app */;
			productType = "com.apple.product-type.application";
		};
/* End PBXNativeTarget section */

/* Begin PBXProject section */
		A1234567890ABCDEF034 /* Project object */ = {
			isa = PBXProject;
			attributes = {
				BuildIndependentTargetsInParallel = 1;
				LastSwiftUpdateCheck = 1500;
				LastUpgradeCheck = 1500;
				TargetAttributes = {
					A1234567890ABCDEF030 = {
						CreatedOnToolsVersion = 15.0;
					};
				};
			};
			buildConfigurationList = A1234567890ABCDEF035 /* Build configuration list for PBXProject "ShotCast" */;
			compatibilityVersion = "Xcode 14.0";
			developmentRegion = en;
			hasScannedForEncodings = 0;
			knownRegions = (
				en,
				Base,
			);
			mainGroup = A1234567890ABCDEF022;
			productRefGroup = A1234567890ABCDEF024 /* Products */;
			projectDirPath = "";
			projectRoot = "";
			targets = (
				A1234567890ABCDEF030 /* ShotCast */,
			);
		};
/* End PBXProject section */

/* Begin PBXResourcesBuildPhase section */
		A1234567890ABCDEF033 /* Resources */ = {
			isa = PBXResourcesBuildPhase;
			buildActionMask = 2147483647;
			files = (
				A1234567890ABCDEF007 /* Preview Assets.xcassets in Resources */,
				A1234567890ABCDEF005 /* Assets.xcassets in Resources */,
			);
			runOnlyForDeploymentPostprocessing = 0;
		};
/* End PBXResourcesBuildPhase section */

/* Begin PBXSourcesBuildPhase section */
		A1234567890ABCDEF032 /* Sources */ = {
			isa = PBXSourcesBuildPhase;
			buildActionMask = 2147483647;
			files = (
				5FCE17D22E8AFA39003AD6E5 /* HotkeyManager.swift in Sources */,
				A1234567890ABCDEF003 /* ContentView.swift in Sources */,
				A1234567890ABCDEF001 /* ShotCastApp.swift in Sources */,
				5FCE17C82E8AEA37003AD6E5 /* UltimateModernBarView.swift in Sources */,
				5FCE17C62E8AE69F003AD6E5 /* ModernBottomBarView.swift in Sources */,
				A1234567890ABCDEF009 /* PasteboardWatcher.swift in Sources */,
				A1234567890ABCDEF00B /* WindowManager.swift in Sources */,
				5FCE17C42E8AE3B8003AD6E5 /* ToastView.swift in Sources */,
				5FF1B4AD2E8A95BC00D84A65 /* LocalizationManager.swift in Sources */,
				5FF1B4C42E8AAD2100D84A65 /* WindowSnappingManager.swift in Sources */,
				5FF1B4C52E8AAD2100D84A65 /* DragManager.swift in Sources */,
				5FF1B4C62E8AAD2100D84A65 /* OCRManager.swift in Sources */,
				5FF1B4C72E8AAD2100D84A65 /* SourceDetector.swift in Sources */,
				A1234567890ABCDEF00D /* BottomBarView.swift in Sources */,
				A1234567890ABCDEF00F /* ThumbnailCard.swift in Sources */,
				5FCE17CD2E8AF97E003AD6E5 /* IconGenerator.swift in Sources */,
				5FCE17CE2E8AF97E003AD6E5 /* AppIconCache.swift in Sources */,
				A1234567890ABCDEF011 /* AppSettings.swift in Sources */,
				A1234567890ABCDEF013 /* SettingsView.swift in Sources */,
				5FF1B4B12E8A971500D84A65 /* ModernSettingsView.swift in Sources */,
				A1234567890ABCDEF015 /* SettingsWindowManager.swift in Sources */,
				5FF1B4BF2E8AA7EE00D84A65 /* ReliableDataManager.swift in Sources */,
				5FCE17CA2E8AECC1003AD6E5 /* PerfectBottomBarView.swift in Sources */,
				A1234567890ABCDEF017 /* ViewExtensions.swift in Sources */,
				A1234567890ABCDEF019 /* ClipboardItem.swift in Sources */,
			);
			runOnlyForDeploymentPostprocessing = 0;
		};
/* End PBXSourcesBuildPhase section */

/* Begin XCBuildConfiguration section */
		A1234567890ABCDEF036 /* Debug */ = {
			isa = XCBuildConfiguration;
			buildSettings = {
				ALWAYS_SEARCH_USER_PATHS = NO;
				ASSETCATALOG_COMPILER_GENERATE_SWIFT_ASSET_SYMBOL_EXTENSIONS = YES;
				CLANG_ANALYZER_NONNULL = YES;
				CLANG_ANALYZER_NUMBER_OBJECT_CONVERSION = YES_AGGRESSIVE;
				CLANG_CXX_LANGUAGE_STANDARD = "gnu++20";
				CLANG_ENABLE_MODULES = YES;
				CLANG_ENABLE_OBJC_ARC = YES;
				CLANG_ENABLE_OBJC_WEAK = YES;
				CLANG_WARN_BLOCK_CAPTURE_AUTORELEASING = YES;
				CLANG_WARN_BOOL_CONVERSION = YES;
				CLANG_WARN_COMMA = YES;
				CLANG_WARN_CONSTANT_CONVERSION = YES;
				CLANG_WARN_DEPRECATED_OBJC_IMPLEMENTATIONS = YES;
				CLANG_WARN_DIRECT_OBJC_ISA_USAGE = YES_ERROR;
				CLANG_WARN_DOCUMENTATION_COMMENTS = YES;
				CLANG_WARN_EMPTY_BODY = YES;
				CLANG_WARN_ENUM_CONVERSION = YES;
				CLANG_WARN_INFINITE_RECURSION = YES;
				CLANG_WARN_INT_CONVERSION = YES;
				CLANG_WARN_NON_LITERAL_NULL_CONVERSION = YES;
				CLANG_WARN_OBJC_IMPLICIT_RETAIN_SELF = YES;
				CLANG_WARN_OBJC_LITERAL_CONVERSION = YES;
				CLANG_WARN_OBJC_ROOT_CLASS = YES_ERROR;
				CLANG_WARN_QUOTED_INCLUDE_IN_FRAMEWORK_HEADER = YES;
				CLANG_WARN_RANGE_LOOP_ANALYSIS = YES;
				CLANG_WARN_STRICT_PROTOTYPES = YES;
				CLANG_WARN_SUSPICIOUS_MOVE = YES;
				CLANG_WARN_UNGUARDED_AVAILABILITY = YES_AGGRESSIVE;
				CLANG_WARN_UNREACHABLE_CODE = YES;
				CLANG_WARN__DUPLICATE_METHOD_MATCH = YES;
				COPY_PHASE_STRIP = NO;
				DEBUG_INFORMATION_FORMAT = dwarf;
				ENABLE_STRICT_OBJC_MSGSEND = YES;
				ENABLE_TESTABILITY = YES;
				ENABLE_USER_SCRIPT_SANDBOXING = YES;
				GCC_C_LANGUAGE_STANDARD = gnu17;
				GCC_DYNAMIC_NO_PIC = NO;
				GCC_NO_COMMON_BLOCKS = YES;
				GCC_OPTIMIZATION_LEVEL = 0;
				GCC_PREPROCESSOR_DEFINITIONS = (
					"DEBUG=1",
					"$(inherited)",
				);
				GCC_WARN_64_TO_32_BIT_CONVERSION = YES;
				GCC_WARN_ABOUT_RETURN_TYPE = YES_ERROR;
				GCC_WARN_UNDECLARED_SELECTOR = YES;
				GCC_WARN_UNINITIALIZED_AUTOS = YES_AGGRESSIVE;
				GCC_WARN_UNUSED_FUNCTION = YES;
				GCC_WARN_UNUSED_VARIABLE = YES;
				LOCALIZATION_PREFERS_STRING_CATALOGS = YES;
				MACOSX_DEPLOYMENT_TARGET = 14.0;
				MTL_ENABLE_DEBUG_INFO = INCLUDE_SOURCE;
				MTL_FAST_MATH = YES;
				ONLY_ACTIVE_ARCH = YES;
				SDKROOT = macosx;
				SWIFT_ACTIVE_COMPILATION_CONDITIONS = "DEBUG $(inherited)";
				SWIFT_OPTIMIZATION_LEVEL = "-Onone";
			};
			name = Debug;
		};
		A1234567890ABCDEF037 /* Release */ = {
			isa = XCBuildConfiguration;
			buildSettings = {
				ALWAYS_SEARCH_USER_PATHS = NO;
				ASSETCATALOG_COMPILER_GENERATE_SWIFT_ASSET_SYMBOL_EXTENSIONS = YES;
				CLANG_ANALYZER_NONNULL = YES;
				CLANG_ANALYZER_NUMBER_OBJECT_CONVERSION = YES_AGGRESSIVE;
				CLANG_CXX_LANGUAGE_STANDARD = "gnu++20";
				CLANG_ENABLE_MODULES = YES;
				CLANG_ENABLE_OBJC_ARC = YES;
				CLANG_ENABLE_OBJC_WEAK = YES;
				CLANG_WARN_BLOCK_CAPTURE_AUTORELEASING = YES;
				CLANG_WARN_BOOL_CONVERSION = YES;
				CLANG_WARN_COMMA = YES;
				CLANG_WARN_CONSTANT_CONVERSION = YES;
				CLANG_WARN_DEPRECATED_OBJC_IMPLEMENTATIONS = YES;
				CLANG_WARN_DIRECT_OBJC_ISA_USAGE = YES_ERROR;
				CLANG_WARN_DOCUMENTATION_COMMENTS = YES;
				CLANG_WARN_EMPTY_BODY = YES;
				CLANG_WARN_ENUM_CONVERSION = YES;
				CLANG_WARN_INFINITE_RECURSION = YES;
				CLANG_WARN_INT_CONVERSION = YES;
				CLANG_WARN_NON_LITERAL_NULL_CONVERSION = YES;
				CLANG_WARN_OBJC_IMPLICIT_RETAIN_SELF = YES;
				CLANG_WARN_OBJC_LITERAL_CONVERSION = YES;
				CLANG_WARN_OBJC_ROOT_CLASS = YES_ERROR;
				CLANG_WARN_QUOTED_INCLUDE_IN_FRAMEWORK_HEADER = YES;
				CLANG_WARN_RANGE_LOOP_ANALYSIS = YES;
				CLANG_WARN_STRICT_PROTOTYPES = YES;
				CLANG_WARN_SUSPICIOUS_MOVE = YES;
				CLANG_WARN_UNGUARDED_AVAILABILITY = YES_AGGRESSIVE;
				CLANG_WARN_UNREACHABLE_CODE = YES;
				CLANG_WARN__DUPLICATE_METHOD_MATCH = YES;
				COPY_PHASE_STRIP = NO;
				DEBUG_INFORMATION_FORMAT = "dwarf-with-dsym";
				ENABLE_NS_ASSERTIONS = NO;
				ENABLE_STRICT_OBJC_MSGSEND = YES;
				ENABLE_USER_SCRIPT_SANDBOXING = YES;
				GCC_C_LANGUAGE_STANDARD = gnu17;
				GCC_NO_COMMON_BLOCKS = YES;
				GCC_WARN_64_TO_32_BIT_CONVERSION = YES;
				GCC_WARN_ABOUT_RETURN_TYPE = YES_ERROR;
				GCC_WARN_UNDECLARED_SELECTOR = YES;
				GCC_WARN_UNINITIALIZED_AUTOS = YES_AGGRESSIVE;
				GCC_WARN_UNUSED_FUNCTION = YES;
				GCC_WARN_UNUSED_VARIABLE = YES;
				LOCALIZATION_PREFERS_STRING_CATALOGS = YES;
				MACOSX_DEPLOYMENT_TARGET = 14.0;
				MTL_ENABLE_DEBUG_INFO = NO;
				MTL_FAST_MATH = YES;
				SDKROOT = macosx;
				SWIFT_COMPILATION_MODE = wholemodule;
			};
			name = Release;
		};
		A1234567890ABCDEF038 /* Debug */ = {
			isa = XCBuildConfiguration;
			buildSettings = {
				ASSETCATALOG_COMPILER_APPICON_NAME = AppIcon;
				ASSETCATALOG_COMPILER_GLOBAL_ACCENT_COLOR_NAME = AccentColor;
				CODE_SIGN_ENTITLEMENTS = ShotCast/ShotCast.entitlements;
				CODE_SIGN_STYLE = Automatic;
				COMBINE_HIDPI_IMAGES = YES;
				CURRENT_PROJECT_VERSION = 1;
				DEVELOPMENT_ASSET_PATHS = "\"ShotCast/Preview Content\"";
				ENABLE_PREVIEWS = YES;
				GENERATE_INFOPLIST_FILE = YES;
				INFOPLIST_KEY_NSHumanReadableCopyright = "";
				LD_RUNPATH_SEARCH_PATHS = (
					"$(inherited)",
					"@executable_path/../Frameworks",
				);
				MARKETING_VERSION = 1.0;
				PRODUCT_BUNDLE_IDENTIFIER = com.tobsi.ShotCast;
				PRODUCT_NAME = "$(TARGET_NAME)";
				SWIFT_EMIT_LOC_STRINGS = YES;
				SWIFT_VERSION = 5.0;
			};
			name = Debug;
		};
		A1234567890ABCDEF039 /* Release */ = {
			isa = XCBuildConfiguration;
			buildSettings = {
				ASSETCATALOG_COMPILER_APPICON_NAME = AppIcon;
				ASSETCATALOG_COMPILER_GLOBAL_ACCENT_COLOR_NAME = AccentColor;
				CODE_SIGN_ENTITLEMENTS = ShotCast/ShotCast.entitlements;
				CODE_SIGN_STYLE = Automatic;
				COMBINE_HIDPI_IMAGES = YES;
				CURRENT_PROJECT_VERSION = 1;
				DEVELOPMENT_ASSET_PATHS = "\"ShotCast/Preview Content\"";
				ENABLE_PREVIEWS = YES;
				GENERATE_INFOPLIST_FILE = YES;
				INFOPLIST_KEY_NSHumanReadableCopyright = "";
				LD_RUNPATH_SEARCH_PATHS = (
					"$(inherited)",
					"@executable_path/../Frameworks",
				);
				MARKETING_VERSION = 1.0;
				PRODUCT_BUNDLE_IDENTIFIER = com.tobsi.ShotCast;
				PRODUCT_NAME = "$(TARGET_NAME)";
				SWIFT_EMIT_LOC_STRINGS = YES;
				SWIFT_VERSION = 5.0;
			};
			name = Release;
		};
/* End XCBuildConfiguration section */

/* Begin XCConfigurationList section */
		A1234567890ABCDEF031 /* Build configuration list for PBXNativeTarget "ShotCast" */ = {
			isa = XCConfigurationList;
			buildConfigurations = (
				A1234567890ABCDEF038 /* Debug */,
				A1234567890ABCDEF039 /* Release */,
			);
			defaultConfigurationIsVisible = 0;
			defaultConfigurationName = Release;
		};
		A1234567890ABCDEF035 /* Build configuration list for PBXProject "ShotCast" */ = {
			isa = XCConfigurationList;
			buildConfigurations = (
				A1234567890ABCDEF036 /* Debug */,
				A1234567890ABCDEF037 /* Release */,
			);
			defaultConfigurationIsVisible = 0;
			defaultConfigurationName = Release;
		};
/* End XCConfigurationList section */
	};
	rootObject = A1234567890ABCDEF034 /* Project object */;
}
